
Microsoft Visual Studio Solution File, Format Version 12.00
# Visual Studio Version 17
VisualStudioVersion = 17.11.35222.181
MinimumVisualStudioVersion = 10.0.40219.1
Project("{9A19103F-16F7-4668-BE54-9A1E7A4F7556}") = "Laboratorio 91", "Laboratorio 91\Laboratorio 91.csproj", "{0C5544F5-C8AE-4C83-85DD-649D8392762E}"
EndProject
Project("{9A19103F-16F7-4668-BE54-9A1E7A4F7556}") = "Laboratorio92", "Laboratorio92\Laboratorio92.csproj", "{CA20AB15-B020-4854-A8DE-ACE1E8857F01}"
EndProject
Project("{9A19103F-16F7-4668-BE54-9A1E7A4F7556}") = "Laboratorio93", "Laboratorio93\Laboratorio93.csproj", "{7AF96415-7A63-4AA1-ABED-C276DB564F22}"
EndProject
Project("{FAE04EC0-301F-11D3-BF4B-00C04F79EFBC}") = "Laboratorio94", "Laboratorio94\Laboratorio94.csproj", "{C332F29F-F692-4B63-A285-1977CDC9D2A0}"
EndProject
Project("{FAE04EC0-301F-11D3-BF4B-00C04F79EFBC}") = "Laboratorio95", "Laboratorio95\Laboratorio95.csproj", "{2B0D6F25-56DD-4E1E-BE62-3372989AA0A3}"
EndProject
Global
	GlobalSection(SolutionConfigurationPlatforms) = preSolution
		Debug|Any CPU = Debug|Any CPU
		Release|Any CPU = Release|Any CPU
	EndGlobalSection
	GlobalSection(ProjectConfigurationPlatforms) = postSolution
		{0C5544F5-C8AE-4C83-85DD-649D8392762E}.Debug|Any CPU.ActiveCfg = Debug|Any CPU
		{0C5544F5-C8AE-4C83-85DD-649D8392762E}.Debug|Any CPU.Build.0 = Debug|Any CPU
		{0C5544F5-C8AE-4C83-85DD-649D8392762E}.Release|Any CPU.ActiveCfg = Release|Any CPU
		{0C5544F5-C8AE-4C83-85DD-649D8392762E}.Release|Any CPU.Build.0 = Release|Any CPU
		{CA20AB15-B020-4854-A8DE-ACE1E8857F01}.Debug|Any CPU.ActiveCfg = Debug|Any CPU
		{CA20AB15-B020-4854-A8DE-ACE1E8857F01}.Debug|Any CPU.Build.0 = Debug|Any CPU
		{CA20AB15-B020-4854-A8DE-ACE1E8857F01}.Release|Any CPU.ActiveCfg = Release|Any CPU
		{CA20AB15-B020-4854-A8DE-ACE1E8857F01}.Release|Any CPU.Build.0 = Release|Any CPU
		{7AF96415-7A63-4AA1-ABED-C276DB564F22}.Debug|Any CPU.ActiveCfg = Debug|Any CPU
		{7AF96415-7A63-4AA1-ABED-C276DB564F22}.Debug|Any CPU.Build.0 = Debug|Any CPU
		{7AF96415-7A63-4AA1-ABED-C276DB564F22}.Release|Any CPU.ActiveCfg = Release|Any CPU
		{7AF96415-7A63-4AA1-ABED-C276DB564F22}.Release|Any CPU.Build.0 = Release|Any CPU
		{C332F29F-F692-4B63-A285-1977CDC9D2A0}.Debug|Any CPU.ActiveCfg = Debug|Any CPU
		{C332F29F-F692-4B63-A285-1977CDC9D2A0}.Debug|Any CPU.Build.0 = Debug|Any CPU
		{C332F29F-F692-4B63-A285-1977CDC9D2A0}.Release|Any CPU.ActiveCfg = Release|Any CPU
		{C332F29F-F692-4B63-A285-1977CDC9D2A0}.Release|Any CPU.Build.0 = Release|Any CPU
		{2B0D6F25-56DD-4E1E-BE62-3372989AA0A3}.Debug|Any CPU.ActiveCfg = Debug|Any CPU
		{2B0D6F25-56DD-4E1E-BE62-3372989AA0A3}.Debug|Any CPU.Build.0 = Debug|Any CPU
		{2B0D6F25-56DD-4E1E-BE62-3372989AA0A3}.Release|Any CPU.ActiveCfg = Release|Any CPU
		{2B0D6F25-56DD-4E1E-BE62-3372989AA0A3}.Release|Any CPU.Build.0 = Release|Any CPU
	EndGlobalSection
	GlobalSection(SolutionProperties) = preSolution
		HideSolutionNode = FALSE
	EndGlobalSection
	GlobalSection(ExtensibilityGlobals) = postSolution
		SolutionGuid = {C9D8B5AF-E200-43EE-8555-CB4F56694DF3}
	EndGlobalSection
EndGlobal
